{
  "name": "myproject",
  "version": "1.0.0",
  "lockfileVersion": 1,
  "requires": true,
  "dependencies": {
    "vue": {
      "version": "2.5.9",
      "resolved": "http://registry.npm.taobao.org/vue/download/vue-2.5.9.tgz",
      "integrity": "sha1-sjgM0ECRXcppiB2v0SHXYJUuZfc="
    },
    "vue-router": {
      "version": "3.0.1",
      "resolved": "http://registry.npm.taobao.org/vue-router/download/vue-router-3.0.1.tgz",
      "integrity": "sha1-2bBa2cdCC6D2JtZQDWk+YAkswek="
    }
  }
}
